
Microsoft Visual Studio Solution File, Format Version 12.00
# Visual Studio 14
VisualStudioVersion = 14.0.25420.1
MinimumVisualStudioVersion = 10.0.40219.1
Project("{FAE04EC0-301F-11D3-BF4B-00C04F79EFBC}") = "QuanLyLinhKien", "QuanLyLinhKien\QuanLyLinhKien.csproj", "{3C31FE2F-AAE7-4EEA-8655-4C9E10301B3F}"
EndProject
Project("{FAE04EC0-301F-11D3-BF4B-00C04F79EFBC}") = "DTO", "DTO\DTO.csproj", "{BFEFEA7A-8D13-4522-8B81-B1EA2CC19654}"
EndProject
Project("{FAE04EC0-301F-11D3-BF4B-00C04F79EFBC}") = "DAL", "DAL\DAL.csproj", "{0D5E7484-577F-45B3-8796-DE163892A18A}"
EndProject
Project("{FAE04EC0-301F-11D3-BF4B-00C04F79EFBC}") = "BUS", "BUS\BUS.csproj", "{7AA8E515-30AD-4F68-A6F8-8C16F7897BCB}"
EndProject
Global
	GlobalSection(SolutionConfigurationPlatforms) = preSolution
		Debug|Any CPU = Debug|Any CPU
		Release|Any CPU = Release|Any CPU
	EndGlobalSection
	GlobalSection(ProjectConfigurationPlatforms) = postSolution
		{3C31FE2F-AAE7-4EEA-8655-4C9E10301B3F}.Debug|Any CPU.ActiveCfg = Debug|Any CPU
		{3C31FE2F-AAE7-4EEA-8655-4C9E10301B3F}.Debug|Any CPU.Build.0 = Debug|Any CPU
		{3C31FE2F-AAE7-4EEA-8655-4C9E10301B3F}.Release|Any CPU.ActiveCfg = Release|Any CPU
		{3C31FE2F-AAE7-4EEA-8655-4C9E10301B3F}.Release|Any CPU.Build.0 = Release|Any CPU
		{BFEFEA7A-8D13-4522-8B81-B1EA2CC19654}.Debug|Any CPU.ActiveCfg = Debug|Any CPU
		{BFEFEA7A-8D13-4522-8B81-B1EA2CC19654}.Debug|Any CPU.Build.0 = Debug|Any CPU
		{BFEFEA7A-8D13-4522-8B81-B1EA2CC19654}.Release|Any CPU.ActiveCfg = Release|Any CPU
		{BFEFEA7A-8D13-4522-8B81-B1EA2CC19654}.Release|Any CPU.Build.0 = Release|Any CPU
		{0D5E7484-577F-45B3-8796-DE163892A18A}.Debug|Any CPU.ActiveCfg = Debug|Any CPU
		{0D5E7484-577F-45B3-8796-DE163892A18A}.Debug|Any CPU.Build.0 = Debug|Any CPU
		{0D5E7484-577F-45B3-8796-DE163892A18A}.Release|Any CPU.ActiveCfg = Release|Any CPU
		{0D5E7484-577F-45B3-8796-DE163892A18A}.Release|Any CPU.Build.0 = Release|Any CPU
		{7AA8E515-30AD-4F68-A6F8-8C16F7897BCB}.Debug|Any CPU.ActiveCfg = Debug|Any CPU
		{7AA8E515-30AD-4F68-A6F8-8C16F7897BCB}.Debug|Any CPU.Build.0 = Debug|Any CPU
		{7AA8E515-30AD-4F68-A6F8-8C16F7897BCB}.Release|Any CPU.ActiveCfg = Release|Any CPU
		{7AA8E515-30AD-4F68-A6F8-8C16F7897BCB}.Release|Any CPU.Build.0 = Release|Any CPU
	EndGlobalSection
	GlobalSection(SolutionProperties) = preSolution
		HideSolutionNode = FALSE
	EndGlobalSection
EndGlobal
